
Microsoft Visual Studio Solution File, Format Version 12.00
# Visual Studio 2015
Project("{FAE04EC0-301F-11D3-BF4B-00C04F79EFBC}") = "World-Of-Lamiel.Plugins", "World-Of-Lamiel.Plugins.csproj", "{1C0750D1-F9AD-4C9E-9C8C-3DBA4685B9E9}"
EndProject
Project("{FAE04EC0-301F-11D3-BF4B-00C04F79EFBC}") = "World-Of-Lamiel", "World-Of-Lamiel.csproj", "{9B421A66-4473-E0CF-4385-F9B124F70447}"
EndProject
Project("{FAE04EC0-301F-11D3-BF4B-00C04F79EFBC}") = "World-Of-Lamiel.Editor.Plugins", "World-Of-Lamiel.Editor.Plugins.csproj", "{24E9BE9D-F41C-1B31-39C6-A13C62A23B13}"
EndProject
Project("{FAE04EC0-301F-11D3-BF4B-00C04F79EFBC}") = "World-Of-Lamiel.Editor", "World-Of-Lamiel.Editor.csproj", "{4416265B-2E5B-6135-B328-107D320B2436}"
EndProject
Global
	GlobalSection(SolutionConfigurationPlatforms) = preSolution
		Debug|Any CPU = Debug|Any CPU
		Release|Any CPU = Release|Any CPU
	EndGlobalSection
	GlobalSection(ProjectConfigurationPlatforms) = postSolution
		{1C0750D1-F9AD-4C9E-9C8C-3DBA4685B9E9}.Debug|Any CPU.ActiveCfg = Debug|Any CPU
		{1C0750D1-F9AD-4C9E-9C8C-3DBA4685B9E9}.Debug|Any CPU.Build.0 = Debug|Any CPU
		{1C0750D1-F9AD-4C9E-9C8C-3DBA4685B9E9}.Release|Any CPU.ActiveCfg = Release|Any CPU
		{1C0750D1-F9AD-4C9E-9C8C-3DBA4685B9E9}.Release|Any CPU.Build.0 = Release|Any CPU
		{9B421A66-4473-E0CF-4385-F9B124F70447}.Debug|Any CPU.ActiveCfg = Debug|Any CPU
		{9B421A66-4473-E0CF-4385-F9B124F70447}.Debug|Any CPU.Build.0 = Debug|Any CPU
		{9B421A66-4473-E0CF-4385-F9B124F70447}.Release|Any CPU.ActiveCfg = Release|Any CPU
		{9B421A66-4473-E0CF-4385-F9B124F70447}.Release|Any CPU.Build.0 = Release|Any CPU
		{24E9BE9D-F41C-1B31-39C6-A13C62A23B13}.Debug|Any CPU.ActiveCfg = Debug|Any CPU
		{24E9BE9D-F41C-1B31-39C6-A13C62A23B13}.Debug|Any CPU.Build.0 = Debug|Any CPU
		{24E9BE9D-F41C-1B31-39C6-A13C62A23B13}.Release|Any CPU.ActiveCfg = Release|Any CPU
		{24E9BE9D-F41C-1B31-39C6-A13C62A23B13}.Release|Any CPU.Build.0 = Release|Any CPU
		{4416265B-2E5B-6135-B328-107D320B2436}.Debug|Any CPU.ActiveCfg = Debug|Any CPU
		{4416265B-2E5B-6135-B328-107D320B2436}.Debug|Any CPU.Build.0 = Debug|Any CPU
		{4416265B-2E5B-6135-B328-107D320B2436}.Release|Any CPU.ActiveCfg = Release|Any CPU
		{4416265B-2E5B-6135-B328-107D320B2436}.Release|Any CPU.Build.0 = Release|Any CPU
	EndGlobalSection
	GlobalSection(SolutionProperties) = preSolution
		HideSolutionNode = FALSE
	EndGlobalSection
EndGlobal
